
Microsoft Visual Studio Solution File, Format Version 12.00
# Visual Studio Version 16
VisualStudioVersion = 16.0.32002.261
MinimumVisualStudioVersion = 10.0.40219.1
Project("{FAE04EC0-301F-11D3-BF4B-00C04F79EFBC}") = "Mod_2_11", "Mod_2_11\Mod_2_11.csproj", "{09F2786F-A16C-492D-9683-F646182ABB37}"
EndProject
Global
	GlobalSection(SolutionConfigurationPlatforms) = preSolution
		Debug|Any CPU = Debug|Any CPU
		Release|Any CPU = Release|Any CPU
	EndGlobalSection
	GlobalSection(ProjectConfigurationPlatforms) = postSolution
		{09F2786F-A16C-492D-9683-F646182ABB37}.Debug|Any CPU.ActiveCfg = Debug|Any CPU
		{09F2786F-A16C-492D-9683-F646182ABB37}.Debug|Any CPU.Build.0 = Debug|Any CPU
		{09F2786F-A16C-492D-9683-F646182ABB37}.Release|Any CPU.ActiveCfg = Release|Any CPU
		{09F2786F-A16C-492D-9683-F646182ABB37}.Release|Any CPU.Build.0 = Release|Any CPU
	EndGlobalSection
	GlobalSection(SolutionProperties) = preSolution
		HideSolutionNode = FALSE
	EndGlobalSection
	GlobalSection(ExtensibilityGlobals) = postSolution
		SolutionGuid = {4E34EEB8-937C-45C3-A034-6F5D7E2F9190}
	EndGlobalSection
EndGlobal
